// !$*UTF8*$!
{
	archiveVersion = 1;
	classes = {
	};
	objectVersion = 50;
	objects = {

/* Begin PBXBuildFile section */
		7115A91622631E6A00DD386A /* InputSource.m in Sources */ = {isa = PBXBuildFile; fileRef = 7115A91522631E6A00DD386A /* InputSource.m */; };
		716404EE226A0FFB00E0F0A1 /* LoginServiceKit.swift in Sources */ = {isa = PBXBuildFile; fileRef = 716404ED226A0FFB00E0F0A1 /* LoginServiceKit.swift */; };
		717050D4226204DE008A2686 /* SwitchKey.xcassets in Resources */ = {isa = PBXBuildFile; fileRef = 717050D3226204DE008A2686 /* SwitchKey.xcassets */; };
		718A6EDF2285333700DB6B05 /* NSImage+extensions.swift in Sources */ = {isa = PBXBuildFile; fileRef = 718A6EDE2285333700DB6B05 /* NSImage+extensions.swift */; };
		71FECF2E22610BE600C51FD7 /* AppDelegate.swift in Sources */ = {isa = PBXBuildFile; fileRef = 71FECF2D22610BE600C51FD7 /* AppDelegate.swift */; };
		71FECF3322610BE600C51FD7 /* SwitchKey.xib in Resources */ = {isa = PBXBuildFile; fileRef = 71FECF3122610BE600C51FD7 /* SwitchKey.xib */; };
/* End PBXBuildFile section */

/* Begin PBXFileReference section */
		7115A91322631E6A00DD386A /* SwitchKey-Bridging-Header.h */ = {isa = PBXFileReference; lastKnownFileType = sourcecode.c.h; path = "SwitchKey-Bridging-Header.h"; sourceTree = "<group>"; };
		7115A91422631E6A00DD386A /* InputSource.h */ = {isa = PBXFileReference; lastKnownFileType = sourcecode.c.h; path = InputSource.h; sourceTree = "<group>"; };
		7115A91522631E6A00DD386A /* InputSource.m */ = {isa = PBXFileReference; lastKnownFileType = sourcecode.c.objc; path = InputSource.m; sourceTree = "<group>"; };
		716404ED226A0FFB00E0F0A1 /* LoginServiceKit.swift */ = {isa = PBXFileReference; lastKnownFileType = sourcecode.swift; path = LoginServiceKit.swift; sourceTree = "<group>"; };
		717050D3226204DE008A2686 /* SwitchKey.xcassets */ = {isa = PBXFileReference; lastKnownFileType = folder.assetcatalog; path = SwitchKey.xcassets; sourceTree = "<group>"; };
		718A6EDE2285333700DB6B05 /* NSImage+extensions.swift */ = {isa = PBXFileReference; lastKnownFileType = sourcecode.swift; path = "NSImage+extensions.swift"; sourceTree = "<group>"; };
		71FECF2A22610BE600C51FD7 /* SwitchKey.app */ = {isa = PBXFileReference; explicitFileType = wrapper.application; includeInIndex = 0; path = SwitchKey.app; sourceTree = BUILT_PRODUCTS_DIR; };
		71FECF2D22610BE600C51FD7 /* AppDelegate.swift */ = {isa = PBXFileReference; lastKnownFileType = sourcecode.swift; path = AppDelegate.swift; sourceTree = "<group>"; };
		71FECF3222610BE600C51FD7 /* Base */ = {isa = PBXFileReference; lastKnownFileType = file.xib; name = Base; path = Base.lproj/SwitchKey.xib; sourceTree = "<group>"; };
		71FECF3422610BE600C51FD7 /* Info.plist */ = {isa = PBXFileReference; lastKnownFileType = text.plist.xml; path = Info.plist; sourceTree = "<group>"; };
		71FECF3522610BE600C51FD7 /* SwitchKey.entitlements */ = {isa = PBXFileReference; lastKnownFileType = text.plist.entitlements; path = SwitchKey.entitlements; sourceTree = "<group>"; };
/* End PBXFileReference section */

/* Begin PBXFrameworksBuildPhase section */
		71FECF2722610BE600C51FD7 /* Frameworks */ = {
			isa = PBXFrameworksBuildPhase;
			buildActionMask = 2147483647;
			files = (
			);
			runOnlyForDeploymentPostprocessing = 0;
		};
/* End PBXFrameworksBuildPhase section */

/* Begin PBXGroup section */
		71FECF2122610BE600C51FD7 = {
			isa = PBXGroup;
			children = (
				71FECF2C22610BE600C51FD7 /* SwitchKey */,
				71FECF2B22610BE600C51FD7 /* Products */,
			);
			sourceTree = "<group>";
		};
		71FECF2B22610BE600C51FD7 /* Products */ = {
			isa = PBXGroup;
			children = (
				71FECF2A22610BE600C51FD7 /* SwitchKey.app */,
			);
			name = Products;
			sourceTree = "<group>";
		};
		71FECF2C22610BE600C51FD7 /* SwitchKey */ = {
			isa = PBXGroup;
			children = (
				71FECF2D22610BE600C51FD7 /* AppDelegate.swift */,
				71FECF3122610BE600C51FD7 /* SwitchKey.xib */,
				71FECF3422610BE600C51FD7 /* Info.plist */,
				71FECF3522610BE600C51FD7 /* SwitchKey.entitlements */,
				717050D3226204DE008A2686 /* SwitchKey.xcassets */,
				7115A91422631E6A00DD386A /* InputSource.h */,
				7115A91522631E6A00DD386A /* InputSource.m */,
				7115A91322631E6A00DD386A /* SwitchKey-Bridging-Header.h */,
				716404ED226A0FFB00E0F0A1 /* LoginServiceKit.swift */,
				718A6EDE2285333700DB6B05 /* NSImage+extensions.swift */,
			);
			path = SwitchKey;
			sourceTree = "<group>";
		};
/* End PBXGroup section */

/* Begin PBXNativeTarget section */
		71FECF2922610BE600C51FD7 /* SwitchKey */ = {
			isa = PBXNativeTarget;
			buildConfigurationList = 71FECF3822610BE600C51FD7 /* Build configuration list for PBXNativeTarget "SwitchKey" */;
			buildPhases = (
				71FECF2622610BE600C51FD7 /* Sources */,
				71FECF2722610BE600C51FD7 /* Frameworks */,
				71FECF2822610BE600C51FD7 /* Resources */,
			);
			buildRules = (
			);
			dependencies = (
			);
			name = SwitchKey;
			productName = context;
			productReference = 71FECF2A22610BE600C51FD7 /* SwitchKey.app */;
			productType = "com.apple.product-type.application";
		};
/* End PBXNativeTarget section */

/* Begin PBXProject section */
		71FECF2222610BE600C51FD7 /* Project object */ = {
			isa = PBXProject;
			attributes = {
				LastSwiftUpdateCheck = 1020;
				LastUpgradeCheck = 1130;
				ORGANIZATIONNAME = "Jinyu Li";
				TargetAttributes = {
					71FECF2922610BE600C51FD7 = {
						CreatedOnToolsVersion = 10.2;
						LastSwiftMigration = 1020;
						SystemCapabilities = {
							com.apple.Sandbox = {
								enabled = 0;
							};
						};
					};
				};
			};
			buildConfigurationList = 71FECF2522610BE600C51FD7 /* Build configuration list for PBXProject "SwitchKey" */;
			compatibilityVersion = "Xcode 9.3";
			developmentRegion = en;
			hasScannedForEncodings = 0;
			knownRegions = (
				en,
				Base,
			);
			mainGroup = 71FECF2122610BE600C51FD7;
			productRefGroup = 71FECF2B22610BE600C51FD7 /* Products */;
			projectDirPath = "";
			projectRoot = "";
			targets = (
				71FECF2922610BE600C51FD7 /* SwitchKey */,
			);
		};
/* End PBXProject section */

/* Begin PBXResourcesBuildPhase section */
		71FECF2822610BE600C51FD7 /* Resources */ = {
			isa = PBXResourcesBuildPhase;
			buildActionMask = 2147483647;
			files = (
				71FECF3322610BE600C51FD7 /* SwitchKey.xib in Resources */,
				717050D4226204DE008A2686 /* SwitchKey.xcassets in Resources */,
			);
			runOnlyForDeploymentPostprocessing = 0;
		};
/* End PBXResourcesBuildPhase section */

/* Begin PBXSourcesBuildPhase section */
		71FECF2622610BE600C51FD7 /* Sources */ = {
			isa = PBXSourcesBuildPhase;
			buildActionMask = 2147483647;
			files = (
				71FECF2E22610BE600C51FD7 /* AppDelegate.swift in Sources */,
				716404EE226A0FFB00E0F0A1 /* LoginServiceKit.swift in Sources */,
				718A6EDF2285333700DB6B05 /* NSImage+extensions.swift in Sources */,
				7115A91622631E6A00DD386A /* InputSource.m in Sources */,
			);
			runOnlyForDeploymentPostprocessing = 0;
		};
/* End PBXSourcesBuildPhase section */

/* Begin PBXVariantGroup section */
		71FECF3122610BE600C51FD7 /* SwitchKey.xib */ = {
			isa = PBXVariantGroup;
			children = (
				71FECF3222610BE600C51FD7 /* Base */,
			);
			name = SwitchKey.xib;
			sourceTree = "<group>";
		};
/* End PBXVariantGroup section */

/* Begin XCBuildConfiguration section */
		71FECF3622610BE600C51FD7 /* Debug */ = {
			isa = XCBuildConfiguration;
			buildSettings = {
				ALWAYS_SEARCH_USER_PATHS = NO;
				CLANG_ANALYZER_NONNULL = YES;
				CLANG_ANALYZER_NUMBER_OBJECT_CONVERSION = YES_AGGRESSIVE;
				CLANG_CXX_LANGUAGE_STANDARD = "gnu++14";
				CLANG_CXX_LIBRARY = "libc++";
				CLANG_ENABLE_MODULES = YES;
				CLANG_ENABLE_OBJC_ARC = YES;
				CLANG_ENABLE_OBJC_WEAK = YES;
				CLANG_WARN_BLOCK_CAPTURE_AUTORELEASING = YES;
				CLANG_WARN_BOOL_CONVERSION = YES;
				CLANG_WARN_COMMA = YES;
				CLANG_WARN_CONSTANT_CONVERSION = YES;
				CLANG_WARN_DEPRECATED_OBJC_IMPLEMENTATIONS = YES;
				CLANG_WARN_DIRECT_OBJC_ISA_USAGE = YES_ERROR;
				CLANG_WARN_DOCUMENTATION_COMMENTS = YES;
				CLANG_WARN_EMPTY_BODY = YES;
				CLANG_WARN_ENUM_CONVERSION = YES;
				CLANG_WARN_INFINITE_RECURSION = YES;
				CLANG_WARN_INT_CONVERSION = YES;
				CLANG_WARN_NON_LITERAL_NULL_CONVERSION = YES;
				CLANG_WARN_OBJC_IMPLICIT_RETAIN_SELF = YES;
				CLANG_WARN_OBJC_LITERAL_CONVERSION = YES;
				CLANG_WARN_OBJC_ROOT_CLASS = YES_ERROR;
				CLANG_WARN_RANGE_LOOP_ANALYSIS = YES;
				CLANG_WARN_STRICT_PROTOTYPES = YES;
				CLANG_WARN_SUSPICIOUS_MOVE = YES;
				CLANG_WARN_UNGUARDED_AVAILABILITY = YES_AGGRESSIVE;
				CLANG_WARN_UNREACHABLE_CODE = YES;
				CLANG_WARN__DUPLICATE_METHOD_MATCH = YES;
				CODE_SIGN_IDENTITY = "Mac Developer";
				COPY_PHASE_STRIP = NO;
				DEBUG_INFORMATION_FORMAT = dwarf;
				ENABLE_STRICT_OBJC_MSGSEND = YES;
				ENABLE_TESTABILITY = YES;
				GCC_C_LANGUAGE_STANDARD = gnu11;
				GCC_DYNAMIC_NO_PIC = NO;
				GCC_NO_COMMON_BLOCKS = YES;
				GCC_OPTIMIZATION_LEVEL = 0;
				GCC_PREPROCESSOR_DEFINITIONS = (
					"DEBUG=1",
					"$(inherited)",
				);
				GCC_WARN_64_TO_32_BIT_CONVERSION = YES;
				GCC_WARN_ABOUT_RETURN_TYPE = YES_ERROR;
				GCC_WARN_UNDECLARED_SELECTOR = YES;
				GCC_WARN_UNINITIALIZED_AUTOS = YES_AGGRESSIVE;
				GCC_WARN_UNUSED_FUNCTION = YES;
				GCC_WARN_UNUSED_VARIABLE = YES;
				MACOSX_DEPLOYMENT_TARGET = 10.11;
				MTL_ENABLE_DEBUG_INFO = INCLUDE_SOURCE;
				MTL_FAST_MATH = YES;
				ONLY_ACTIVE_ARCH = YES;
				SDKROOT = macosx;
				SWIFT_ACTIVE_COMPILATION_CONDITIONS = DEBUG;
				SWIFT_OPTIMIZATION_LEVEL = "-Onone";
			};
			name = Debug;
		};
		71FECF3722610BE600C51FD7 /* Release */ = {
			isa = XCBuildConfiguration;
			buildSettings = {
				ALWAYS_SEARCH_USER_PATHS = NO;
				CLANG_ANALYZER_NONNULL = YES;
				CLANG_ANALYZER_NUMBER_OBJECT_CONVERSION = YES_AGGRESSIVE;
				CLANG_CXX_LANGUAGE_STANDARD = "gnu++14";
				CLANG_CXX_LIBRARY = "libc++";
				CLANG_ENABLE_MODULES = YES;
				CLANG_ENABLE_OBJC_ARC = YES;
				CLANG_ENABLE_OBJC_WEAK = YES;
				CLANG_WARN_BLOCK_CAPTURE_AUTORELEASING = YES;
				CLANG_WARN_BOOL_CONVERSION = YES;
				CLANG_WARN_COMMA = YES;
				CLANG_WARN_CONSTANT_CONVERSION = YES;
				CLANG_WARN_DEPRECATED_OBJC_IMPLEMENTATIONS = YES;
				CLANG_WARN_DIRECT_OBJC_ISA_USAGE = YES_ERROR;
				CLANG_WARN_DOCUMENTATION_COMMENTS = YES;
				CLANG_WARN_EMPTY_BODY = YES;
				CLANG_WARN_ENUM_CONVERSION = YES;
				CLANG_WARN_INFINITE_RECURSION = YES;
				CLANG_WARN_INT_CONVERSION = YES;
				CLANG_WARN_NON_LITERAL_NULL_CONVERSION = YES;
				CLANG_WARN_OBJC_IMPLICIT_RETAIN_SELF = YES;
				CLANG_WARN_OBJC_LITERAL_CONVERSION = YES;
				CLANG_WARN_OBJC_ROOT_CLASS = YES_ERROR;
				CLANG_WARN_RANGE_LOOP_ANALYSIS = YES;
				CLANG_WARN_STRICT_PROTOTYPES = YES;
				CLANG_WARN_SUSPICIOUS_MOVE = YES;
				CLANG_WARN_UNGUARDED_AVAILABILITY = YES_AGGRESSIVE;
				CLANG_WARN_UNREACHABLE_CODE = YES;
				CLANG_WARN__DUPLICATE_METHOD_MATCH = YES;
				CODE_SIGN_IDENTITY = "Mac Developer";
				COPY_PHASE_STRIP = NO;
				DEBUG_INFORMATION_FORMAT = "dwarf-with-dsym";
				ENABLE_NS_ASSERTIONS = NO;
				ENABLE_STRICT_OBJC_MSGSEND = YES;
				GCC_C_LANGUAGE_STANDARD = gnu11;
				GCC_NO_COMMON_BLOCKS = YES;
				GCC_WARN_64_TO_32_BIT_CONVERSION = YES;
				GCC_WARN_ABOUT_RETURN_TYPE = YES_ERROR;
				GCC_WARN_UNDECLARED_SELECTOR = YES;
				GCC_WARN_UNINITIALIZED_AUTOS = YES_AGGRESSIVE;
				GCC_WARN_UNUSED_FUNCTION = YES;
				GCC_WARN_UNUSED_VARIABLE = YES;
				MACOSX_DEPLOYMENT_TARGET = 10.11;
				MTL_ENABLE_DEBUG_INFO = NO;
				MTL_FAST_MATH = YES;
				SDKROOT = macosx;
				SWIFT_COMPILATION_MODE = wholemodule;
				SWIFT_OPTIMIZATION_LEVEL = "-O";
			};
			name = Release;
		};
		71FECF3922610BE600C51FD7 /* Debug */ = {
			isa = XCBuildConfiguration;
			buildSettings = {
				ASSETCATALOG_COMPILER_APPICON_NAME = AppIcon;
				CLANG_ENABLE_MODULES = YES;
				CODE_SIGN_IDENTITY = "-";
				CODE_SIGN_STYLE = Automatic;
				COMBINE_HIDPI_IMAGES = YES;
				CURRENT_PROJECT_VERSION = 8;
				DEVELOPMENT_TEAM = C474VU6M6N;
				INFOPLIST_FILE = "$(SRCROOT)/SwitchKey/Info.plist";
				LD_RUNPATH_SEARCH_PATHS = (
					"$(inherited)",
					"@executable_path/../Frameworks",
				);
				MACOSX_DEPLOYMENT_TARGET = 10.11;
				MARKETING_VERSION = 1.1.2;
				PRODUCT_BUNDLE_IDENTIFIER = itsuhane.tools.SwitchKey;
				PRODUCT_NAME = "$(TARGET_NAME)";
				SWIFT_OBJC_BRIDGING_HEADER = "SwitchKey/SwitchKey-Bridging-Header.h";
				SWIFT_OPTIMIZATION_LEVEL = "-Onone";
				SWIFT_VERSION = 5.0;
			};
			name = Debug;
		};
		71FECF3A22610BE600C51FD7 /* Release */ = {
			isa = XCBuildConfiguration;
			buildSettings = {
				ASSETCATALOG_COMPILER_APPICON_NAME = AppIcon;
				CLANG_ENABLE_MODULES = YES;
				CODE_SIGN_IDENTITY = "-";
				CODE_SIGN_STYLE = Automatic;
				COMBINE_HIDPI_IMAGES = YES;
				CURRENT_PROJECT_VERSION = 8;
				DEVELOPMENT_TEAM = C474VU6M6N;
				INFOPLIST_FILE = "$(SRCROOT)/SwitchKey/Info.plist";
				LD_RUNPATH_SEARCH_PATHS = (
					"$(inherited)",
					"@executable_path/../Frameworks",
				);
				MACOSX_DEPLOYMENT_TARGET = 10.11;
				MARKETING_VERSION = 1.1.2;
				PRODUCT_BUNDLE_IDENTIFIER = itsuhane.tools.SwitchKey;
				PRODUCT_NAME = "$(TARGET_NAME)";
				SWIFT_OBJC_BRIDGING_HEADER = "SwitchKey/SwitchKey-Bridging-Header.h";
				SWIFT_VERSION = 5.0;
			};
			name = Release;
		};
/* End XCBuildConfiguration section */

/* Begin XCConfigurationList section */
		71FECF2522610BE600C51FD7 /* Build configuration list for PBXProject "SwitchKey" */ = {
			isa = XCConfigurationList;
			buildConfigurations = (
				71FECF3622610BE600C51FD7 /* Debug */,
				71FECF3722610BE600C51FD7 /* Release */,
			);
			defaultConfigurationIsVisible = 0;
			defaultConfigurationName = Release;
		};
		71FECF3822610BE600C51FD7 /* Build configuration list for PBXNativeTarget "SwitchKey" */ = {
			isa = XCConfigurationList;
			buildConfigurations = (
				71FECF3922610BE600C51FD7 /* Debug */,
				71FECF3A22610BE600C51FD7 /* Release */,
			);
			defaultConfigurationIsVisible = 0;
			defaultConfigurationName = Release;
		};
/* End XCConfigurationList section */
	};
	rootObject = 71FECF2222610BE600C51FD7 /* Project object */;
}
